hash: d1c98e27ad47b3562d185a8c7fe7eb67f0464220a89a8e7c0419459e95ad6017
updated: 2018-03-26T16:58:16.234757461-07:00
imports:
- name: github.com/akamai/AkamaiOPEN-edgegrid-golang
  version: a494eba1efa1f38338393727dff63389a6a66534
  subpackages:
  - ccu-v3
  - client-v1
  - edgegrid
  - jsonhooks-v1
- name: github.com/akamai/cli-common-golang
  version: 57308d48c8b24cad7be973455961fe321f22616a
- name: github.com/briandowns/spinner
  version: 48dbb65d7bd5c74ab50d53d04c949f20e3d14944
- name: github.com/fatih/color
  version: 507f6050b8568533fb3f5504de8e5205fa62a114
- name: github.com/go-ini/ini
  version: 6333e38ac20b8949a8dd68baa3650f4dee8f39f0
- name: github.com/mattn/go-colorable
  version: efa589957cd060542a26d2dd7832fd6a6c6c3ade
- name: github.com/mattn/go-isatty
  version: 0360b2af4f38e8d38c7fce2a9f4e702702d73a39
- name: github.com/mitchellh/go-homedir
  version: b8bc1bf767474819792c23f32d8286a45736f1c6
- name: github.com/sirupsen/logrus
  version: 3ec0642a7fb6488f65b06f9040adc67e3990296a
- name: github.com/tuvistavie/securerandom
  version: 15512123a948d62f6361bd84818e11f2ad84059a
- name: github.com/urfave/cli
  version: cfb38830724cc34fedffe9a2a29fb54fa9169cd1
- name: golang.org/x/sys
  version: 9d4e42a20653790449273b3c85e67d6d8bae6e2e
  subpackages:
  - unix
- name: gopkg.in/mattes/go-expand-tilde.v1
  version: cb884138e64c9a8bf5c7d6106d74b0fca082df0c
testImports: []
